
Microsoft Visual Studio Solution File, Format Version 12.00
# Visual Studio Version 17
VisualStudioVersion = 17.3.32922.545
MinimumVisualStudioVersion = 10.0.40219.1
Project("{8BC9CEB8-8B4A-11D0-8D11-00A0C91BC942}") = "Wulkan", "Wulkan\Wulkan.vcxproj", "{583722D0-F93F-4FCD-9D65-802B195523AC}"
EndProject
Global
	GlobalSection(SolutionConfigurationPlatforms) = preSolution
		Debug|x64 = Debug|x64
		Debug|x86 = Debug|x86
		Profile|x64 = Profile|x64
		Profile|x86 = Profile|x86
		Release|x64 = Release|x64
		Release|x86 = Release|x86
	EndGlobalSection
	GlobalSection(ProjectConfigurationPlatforms) = postSolution
		{583722D0-F93F-4FCD-9D65-802B195523AC}.Debug|x64.ActiveCfg = Debug|x64
		{583722D0-F93F-4FCD-9D65-802B195523AC}.Debug|x64.Build.0 = Debug|x64
		{583722D0-F93F-4FCD-9D65-802B195523AC}.Debug|x86.ActiveCfg = Debug|Win32
		{583722D0-F93F-4FCD-9D65-802B195523AC}.Debug|x86.Build.0 = Debug|Win32
		{583722D0-F93F-4FCD-9D65-802B195523AC}.Profile|x64.ActiveCfg = Profile|x64
		{583722D0-F93F-4FCD-9D65-802B195523AC}.Profile|x64.Build.0 = Profile|x64
		{583722D0-F93F-4FCD-9D65-802B195523AC}.Profile|x86.ActiveCfg = Profile|Win32
		{583722D0-F93F-4FCD-9D65-802B195523AC}.Profile|x86.Build.0 = Profile|Win32
		{583722D0-F93F-4FCD-9D65-802B195523AC}.Release|x64.ActiveCfg = Release|x64
		{583722D0-F93F-4FCD-9D65-802B195523AC}.Release|x64.Build.0 = Release|x64
		{583722D0-F93F-4FCD-9D65-802B195523AC}.Release|x86.ActiveCfg = Release|Win32
		{583722D0-F93F-4FCD-9D65-802B195523AC}.Release|x86.Build.0 = Release|Win32
	EndGlobalSection
	GlobalSection(SolutionProperties) = preSolution
		HideSolutionNode = FALSE
	EndGlobalSection
	GlobalSection(ExtensibilityGlobals) = postSolution
		SolutionGuid = {30ACF26A-A9E5-49F7-96EC-A87A966F5AF4}
	EndGlobalSection
EndGlobal
